
Microsoft Visual Studio Solution File, Format Version 12.00
Project("{FAE04EC0-301F-11D3-BF4B-00C04F79EFBC}") = "WebCAP", "WebCAP\WebCAP.csproj", "{F34B3AA4-CD61-4756-BAFB-9E0D57E394C4}"
EndProject
Project("{FAE04EC0-301F-11D3-BF4B-00C04F79EFBC}") = "LoadData", "LoadData\LoadData.csproj", "{DA53F001-5923-4CB4-927D-BF096FF4E8ED}"
EndProject
Global
	GlobalSection(SolutionConfigurationPlatforms) = preSolution
		Debug|Any CPU = Debug|Any CPU
		Release|Any CPU = Release|Any CPU
	EndGlobalSection
	GlobalSection(ProjectConfigurationPlatforms) = postSolution
		{F34B3AA4-CD61-4756-BAFB-9E0D57E394C4}.Debug|Any CPU.ActiveCfg = Debug|Any CPU
		{F34B3AA4-CD61-4756-BAFB-9E0D57E394C4}.Debug|Any CPU.Build.0 = Debug|Any CPU
		{F34B3AA4-CD61-4756-BAFB-9E0D57E394C4}.Release|Any CPU.ActiveCfg = Release|Any CPU
		{F34B3AA4-CD61-4756-BAFB-9E0D57E394C4}.Release|Any CPU.Build.0 = Release|Any CPU
		{DA53F001-5923-4CB4-927D-BF096FF4E8ED}.Debug|Any CPU.ActiveCfg = Debug|Any CPU
		{DA53F001-5923-4CB4-927D-BF096FF4E8ED}.Debug|Any CPU.Build.0 = Debug|Any CPU
		{DA53F001-5923-4CB4-927D-BF096FF4E8ED}.Release|Any CPU.ActiveCfg = Release|Any CPU
		{DA53F001-5923-4CB4-927D-BF096FF4E8ED}.Release|Any CPU.Build.0 = Release|Any CPU
	EndGlobalSection
EndGlobal
